
Microsoft Visual Studio Solution File, Format Version 12.00
# Visual Studio Version 17
VisualStudioVersion = 17.0.32112.339
MinimumVisualStudioVersion = 10.0.40219.1
Project("{FAE04EC0-301F-11D3-BF4B-00C04F79EFBC}") = "Pract 1.3 Multiplicar prp", "Pract 1.3 Multiplicar prp.csproj", "{B79DDBF5-EE23-4811-BB35-F6EF85BC1B50}"
EndProject
Global
	GlobalSection(SolutionConfigurationPlatforms) = preSolution
		Debug|Any CPU = Debug|Any CPU
		Release|Any CPU = Release|Any CPU
	EndGlobalSection
	GlobalSection(ProjectConfigurationPlatforms) = postSolution
		{B79DDBF5-EE23-4811-BB35-F6EF85BC1B50}.Debug|Any CPU.ActiveCfg = Debug|Any CPU
		{B79DDBF5-EE23-4811-BB35-F6EF85BC1B50}.Debug|Any CPU.Build.0 = Debug|Any CPU
		{B79DDBF5-EE23-4811-BB35-F6EF85BC1B50}.Release|Any CPU.ActiveCfg = Release|Any CPU
		{B79DDBF5-EE23-4811-BB35-F6EF85BC1B50}.Release|Any CPU.Build.0 = Release|Any CPU
	EndGlobalSection
	GlobalSection(SolutionProperties) = preSolution
		HideSolutionNode = FALSE
	EndGlobalSection
	GlobalSection(ExtensibilityGlobals) = postSolution
		SolutionGuid = {C88692AF-8A7A-4487-A797-01168E5BA2EE}
	EndGlobalSection
EndGlobal
