
Microsoft Visual Studio Solution File, Format Version 12.00
# Visual Studio Version 17
VisualStudioVersion = 17.0.32112.339
MinimumVisualStudioVersion = 10.0.40219.1
Project("{FAE04EC0-301F-11D3-BF4B-00C04F79EFBC}") = "Calculadora", "Calculadora.csproj", "{56B9FD3A-3C81-4C31-80CE-AD9DE6721CD5}"
EndProject
Global
	GlobalSection(SolutionConfigurationPlatforms) = preSolution
		Debug|Any CPU = Debug|Any CPU
		Release|Any CPU = Release|Any CPU
	EndGlobalSection
	GlobalSection(ProjectConfigurationPlatforms) = postSolution
		{56B9FD3A-3C81-4C31-80CE-AD9DE6721CD5}.Debug|Any CPU.ActiveCfg = Debug|Any CPU
		{56B9FD3A-3C81-4C31-80CE-AD9DE6721CD5}.Debug|Any CPU.Build.0 = Debug|Any CPU
		{56B9FD3A-3C81-4C31-80CE-AD9DE6721CD5}.Release|Any CPU.ActiveCfg = Release|Any CPU
		{56B9FD3A-3C81-4C31-80CE-AD9DE6721CD5}.Release|Any CPU.Build.0 = Release|Any CPU
	EndGlobalSection
	GlobalSection(SolutionProperties) = preSolution
		HideSolutionNode = FALSE
	EndGlobalSection
	GlobalSection(ExtensibilityGlobals) = postSolution
		SolutionGuid = {08070410-7D5D-4E58-85E9-37FBFF2AACB7}
	EndGlobalSection
EndGlobal
